
Microsoft Visual Studio Solution File, Format Version 12.00
# Visual Studio Version 16
VisualStudioVersion = 16.0.29806.167
MinimumVisualStudioVersion = 10.0.40219.1
Project("{FAE04EC0-301F-11D3-BF4B-00C04F79EFBC}") = "HashPasswordGenerator", "HashPasswordGenerator\HashPasswordGenerator.csproj", "{BBA699D4-7A89-40FF-8866-313104CF3A1B}"
EndProject
Global
	GlobalSection(SolutionConfigurationPlatforms) = preSolution
		Debug|Any CPU = Debug|Any CPU
		Release|Any CPU = Release|Any CPU
	EndGlobalSection
	GlobalSection(ProjectConfigurationPlatforms) = postSolution
		{BBA699D4-7A89-40FF-8866-313104CF3A1B}.Debug|Any CPU.ActiveCfg = Debug|Any CPU
		{BBA699D4-7A89-40FF-8866-313104CF3A1B}.Debug|Any CPU.Build.0 = Debug|Any CPU
		{BBA699D4-7A89-40FF-8866-313104CF3A1B}.Release|Any CPU.ActiveCfg = Release|Any CPU
		{BBA699D4-7A89-40FF-8866-313104CF3A1B}.Release|Any CPU.Build.0 = Release|Any CPU
	EndGlobalSection
	GlobalSection(SolutionProperties) = preSolution
		HideSolutionNode = FALSE
	EndGlobalSection
	GlobalSection(ExtensibilityGlobals) = postSolution
		SolutionGuid = {DAAA1498-5456-4AB9-B98C-42BE930D3239}
	EndGlobalSection
EndGlobal
